
Microsoft Visual Studio Solution File, Format Version 12.00
# Visual Studio Version 17
VisualStudioVersion = 17.3.32825.248
MinimumVisualStudioVersion = 10.0.40219.1
Project("{9A19103F-16F7-4668-BE54-9A1E7A4F7556}") = "MiniLojaVirtual.ProductApi", "MiniLojaVirtual.ProductApi\MiniLojaVirtual.ProductApi.csproj", "{296122EA-8077-4C43-B2A9-750B600E65F2}"
EndProject
Project("{FAE04EC0-301F-11D3-BF4B-00C04F79EFBC}") = "MiniLojaVirtual.Web", "MiniLojaVirtual.Web\MiniLojaVirtual.Web.csproj", "{BAA9C5D6-6CC1-4B3C-A025-42A7704D61F0}"
EndProject
Project("{FAE04EC0-301F-11D3-BF4B-00C04F79EFBC}") = "MiniLojaVirtual.IdentityServer", "MiniLojaVirtual.IdentityServer\MiniLojaVirtual.IdentityServer.csproj", "{37D0C0AB-BF4A-43D4-9552-53A44D93C88C}"
EndProject
Global
	GlobalSection(SolutionConfigurationPlatforms) = preSolution
		Debug|Any CPU = Debug|Any CPU
		Release|Any CPU = Release|Any CPU
	EndGlobalSection
	GlobalSection(ProjectConfigurationPlatforms) = postSolution
		{296122EA-8077-4C43-B2A9-750B600E65F2}.Debug|Any CPU.ActiveCfg = Debug|Any CPU
		{296122EA-8077-4C43-B2A9-750B600E65F2}.Debug|Any CPU.Build.0 = Debug|Any CPU
		{296122EA-8077-4C43-B2A9-750B600E65F2}.Release|Any CPU.ActiveCfg = Release|Any CPU
		{296122EA-8077-4C43-B2A9-750B600E65F2}.Release|Any CPU.Build.0 = Release|Any CPU
		{BAA9C5D6-6CC1-4B3C-A025-42A7704D61F0}.Debug|Any CPU.ActiveCfg = Debug|Any CPU
		{BAA9C5D6-6CC1-4B3C-A025-42A7704D61F0}.Debug|Any CPU.Build.0 = Debug|Any CPU
		{BAA9C5D6-6CC1-4B3C-A025-42A7704D61F0}.Release|Any CPU.ActiveCfg = Release|Any CPU
		{BAA9C5D6-6CC1-4B3C-A025-42A7704D61F0}.Release|Any CPU.Build.0 = Release|Any CPU
		{37D0C0AB-BF4A-43D4-9552-53A44D93C88C}.Debug|Any CPU.ActiveCfg = Debug|Any CPU
		{37D0C0AB-BF4A-43D4-9552-53A44D93C88C}.Debug|Any CPU.Build.0 = Debug|Any CPU
		{37D0C0AB-BF4A-43D4-9552-53A44D93C88C}.Release|Any CPU.ActiveCfg = Release|Any CPU
		{37D0C0AB-BF4A-43D4-9552-53A44D93C88C}.Release|Any CPU.Build.0 = Release|Any CPU
	EndGlobalSection
	GlobalSection(SolutionProperties) = preSolution
		HideSolutionNode = FALSE
	EndGlobalSection
	GlobalSection(ExtensibilityGlobals) = postSolution
		SolutionGuid = {43C4E92C-060A-46BF-8E37-80D6D0B22233}
	EndGlobalSection
EndGlobal
